
Microsoft Visual Studio Solution File, Format Version 12.00
# Visual Studio Version 16
VisualStudioVersion = 16.0.30128.74
MinimumVisualStudioVersion = 10.0.40219.1
Project("{9A19103F-16F7-4668-BE54-9A1E7A4F7556}") = "WoodButcher.UI", "WoodButcher.UI\WoodButcher.UI.csproj", "{54D53D18-021C-4E54-A78E-9070AB4DBE2C}"
EndProject
Project("{9A19103F-16F7-4668-BE54-9A1E7A4F7556}") = "WoodButcher.Request", "WoodButcher.Request\WoodButcher.Request.csproj", "{B1A701B7-47C1-4571-9907-6CE401347861}"
EndProject
Project("{9A19103F-16F7-4668-BE54-9A1E7A4F7556}") = "WoodButcher.XUnitTests", "WoodButcher.XUnitTests\WoodButcher.XUnitTests.csproj", "{0885A7D6-5C3C-4BA5-B234-0FA9F7CAF7E1}"
EndProject
Global
	GlobalSection(SolutionConfigurationPlatforms) = preSolution
		Debug|Any CPU = Debug|Any CPU
		Release|Any CPU = Release|Any CPU
	EndGlobalSection
	GlobalSection(ProjectConfigurationPlatforms) = postSolution
		{54D53D18-021C-4E54-A78E-9070AB4DBE2C}.Debug|Any CPU.ActiveCfg = Debug|Any CPU
		{54D53D18-021C-4E54-A78E-9070AB4DBE2C}.Debug|Any CPU.Build.0 = Debug|Any CPU
		{54D53D18-021C-4E54-A78E-9070AB4DBE2C}.Release|Any CPU.ActiveCfg = Release|Any CPU
		{54D53D18-021C-4E54-A78E-9070AB4DBE2C}.Release|Any CPU.Build.0 = Release|Any CPU
		{B1A701B7-47C1-4571-9907-6CE401347861}.Debug|Any CPU.ActiveCfg = Debug|Any CPU
		{B1A701B7-47C1-4571-9907-6CE401347861}.Debug|Any CPU.Build.0 = Debug|Any CPU
		{B1A701B7-47C1-4571-9907-6CE401347861}.Release|Any CPU.ActiveCfg = Release|Any CPU
		{B1A701B7-47C1-4571-9907-6CE401347861}.Release|Any CPU.Build.0 = Release|Any CPU
		{0885A7D6-5C3C-4BA5-B234-0FA9F7CAF7E1}.Debug|Any CPU.ActiveCfg = Debug|Any CPU
		{0885A7D6-5C3C-4BA5-B234-0FA9F7CAF7E1}.Debug|Any CPU.Build.0 = Debug|Any CPU
		{0885A7D6-5C3C-4BA5-B234-0FA9F7CAF7E1}.Release|Any CPU.ActiveCfg = Release|Any CPU
		{0885A7D6-5C3C-4BA5-B234-0FA9F7CAF7E1}.Release|Any CPU.Build.0 = Release|Any CPU
	EndGlobalSection
	GlobalSection(SolutionProperties) = preSolution
		HideSolutionNode = FALSE
	EndGlobalSection
	GlobalSection(ExtensibilityGlobals) = postSolution
		SolutionGuid = {365CFE4F-7333-45A2-AC48-44AD13D97789}
	EndGlobalSection
EndGlobal
